
Microsoft Visual Studio Solution File, Format Version 12.00
# Visual Studio Version 17
VisualStudioVersion = 17.14.36408.4
MinimumVisualStudioVersion = 10.0.40219.1
Project("{FAE04EC0-301F-11D3-BF4B-00C04F79EFBC}") = "API", "API\API.csproj", "{C3AAAC92-073F-426D-AD92-4C7430AB965A}"
EndProject
Project("{FAE04EC0-301F-11D3-BF4B-00C04F79EFBC}") = "BLL", "BLL\BLL.csproj", "{3BE88D5C-E58E-4450-AD66-C46563718AE0}"
EndProject
Project("{FAE04EC0-301F-11D3-BF4B-00C04F79EFBC}") = "DAL", "DAL\DAL.csproj", "{FE10606B-7FDA-437B-9716-6853497AF21E}"
EndProject
Global
	GlobalSection(SolutionConfigurationPlatforms) = preSolution
		Debug|Any CPU = Debug|Any CPU
		Release|Any CPU = Release|Any CPU
	EndGlobalSection
	GlobalSection(ProjectConfigurationPlatforms) = postSolution
		{C3AAAC92-073F-426D-AD92-4C7430AB965A}.Debug|Any CPU.ActiveCfg = Debug|Any CPU
		{C3AAAC92-073F-426D-AD92-4C7430AB965A}.Debug|Any CPU.Build.0 = Debug|Any CPU
		{C3AAAC92-073F-426D-AD92-4C7430AB965A}.Release|Any CPU.ActiveCfg = Release|Any CPU
		{C3AAAC92-073F-426D-AD92-4C7430AB965A}.Release|Any CPU.Build.0 = Release|Any CPU
		{3BE88D5C-E58E-4450-AD66-C46563718AE0}.Debug|Any CPU.ActiveCfg = Debug|Any CPU
		{3BE88D5C-E58E-4450-AD66-C46563718AE0}.Debug|Any CPU.Build.0 = Debug|Any CPU
		{3BE88D5C-E58E-4450-AD66-C46563718AE0}.Release|Any CPU.ActiveCfg = Release|Any CPU
		{3BE88D5C-E58E-4450-AD66-C46563718AE0}.Release|Any CPU.Build.0 = Release|Any CPU
		{FE10606B-7FDA-437B-9716-6853497AF21E}.Debug|Any CPU.ActiveCfg = Debug|Any CPU
		{FE10606B-7FDA-437B-9716-6853497AF21E}.Debug|Any CPU.Build.0 = Debug|Any CPU
		{FE10606B-7FDA-437B-9716-6853497AF21E}.Release|Any CPU.ActiveCfg = Release|Any CPU
		{FE10606B-7FDA-437B-9716-6853497AF21E}.Release|Any CPU.Build.0 = Release|Any CPU
	EndGlobalSection
	GlobalSection(SolutionProperties) = preSolution
		HideSolutionNode = FALSE
	EndGlobalSection
	GlobalSection(ExtensibilityGlobals) = postSolution
		SolutionGuid = {F6310961-127D-4724-8076-FA8238815895}
	EndGlobalSection
EndGlobal
